
Microsoft Visual Studio Solution File, Format Version 12.00
# Visual Studio Version 17
VisualStudioVersion = 17.9.34701.34
MinimumVisualStudioVersion = 10.0.40219.1
Project("{FAE04EC0-301F-11D3-BF4B-00C04F79EFBC}") = "e-shop", "e-shop\e-shop.csproj", "{4AB977FA-CD18-4F56-831D-0F2FECC82EDD}"
EndProject
Global
	GlobalSection(SolutionConfigurationPlatforms) = preSolution
		Debug|Any CPU = Debug|Any CPU
		Release|Any CPU = Release|Any CPU
	EndGlobalSection
	GlobalSection(ProjectConfigurationPlatforms) = postSolution
		{4AB977FA-CD18-4F56-831D-0F2FECC82EDD}.Debug|Any CPU.ActiveCfg = Debug|Any CPU
		{4AB977FA-CD18-4F56-831D-0F2FECC82EDD}.Debug|Any CPU.Build.0 = Debug|Any CPU
		{4AB977FA-CD18-4F56-831D-0F2FECC82EDD}.Release|Any CPU.ActiveCfg = Release|Any CPU
		{4AB977FA-CD18-4F56-831D-0F2FECC82EDD}.Release|Any CPU.Build.0 = Release|Any CPU
	EndGlobalSection
	GlobalSection(SolutionProperties) = preSolution
		HideSolutionNode = FALSE
	EndGlobalSection
	GlobalSection(ExtensibilityGlobals) = postSolution
		SolutionGuid = {A58376D5-91EA-41CD-B4CA-13B32E5044BB}
	EndGlobalSection
EndGlobal
